
Microsoft Visual Studio Solution File, Format Version 12.00
# Visual Studio Version 16
VisualStudioVersion = 16.0.28917.181
MinimumVisualStudioVersion = 10.0.40219.1
Project("{FAE04EC0-301F-11D3-BF4B-00C04F79EFBC}") = "Domain", "Domain\Domain.csproj", "{691FBBAD-2FB5-4F1F-AB99-8B3722F954A9}"
EndProject
Project("{FAE04EC0-301F-11D3-BF4B-00C04F79EFBC}") = "WebUI", "WebUI\WebUI.csproj", "{BED334CF-A856-460F-8941-386392DB27BE}"
EndProject
Project("{FAE04EC0-301F-11D3-BF4B-00C04F79EFBC}") = "UnitTests", "UnitTests\UnitTests.csproj", "{4157F820-C1BA-4450-B73D-F27216874F4E}"
EndProject
Global
	GlobalSection(SolutionConfigurationPlatforms) = preSolution
		Debug|Any CPU = Debug|Any CPU
		Release|Any CPU = Release|Any CPU
	EndGlobalSection
	GlobalSection(ProjectConfigurationPlatforms) = postSolution
		{691FBBAD-2FB5-4F1F-AB99-8B3722F954A9}.Debug|Any CPU.ActiveCfg = Debug|Any CPU
		{691FBBAD-2FB5-4F1F-AB99-8B3722F954A9}.Debug|Any CPU.Build.0 = Debug|Any CPU
		{691FBBAD-2FB5-4F1F-AB99-8B3722F954A9}.Release|Any CPU.ActiveCfg = Release|Any CPU
		{691FBBAD-2FB5-4F1F-AB99-8B3722F954A9}.Release|Any CPU.Build.0 = Release|Any CPU
		{BED334CF-A856-460F-8941-386392DB27BE}.Debug|Any CPU.ActiveCfg = Debug|Any CPU
		{BED334CF-A856-460F-8941-386392DB27BE}.Debug|Any CPU.Build.0 = Debug|Any CPU
		{BED334CF-A856-460F-8941-386392DB27BE}.Release|Any CPU.ActiveCfg = Release|Any CPU
		{BED334CF-A856-460F-8941-386392DB27BE}.Release|Any CPU.Build.0 = Release|Any CPU
		{4157F820-C1BA-4450-B73D-F27216874F4E}.Debug|Any CPU.ActiveCfg = Debug|Any CPU
		{4157F820-C1BA-4450-B73D-F27216874F4E}.Debug|Any CPU.Build.0 = Debug|Any CPU
		{4157F820-C1BA-4450-B73D-F27216874F4E}.Release|Any CPU.ActiveCfg = Release|Any CPU
		{4157F820-C1BA-4450-B73D-F27216874F4E}.Release|Any CPU.Build.0 = Release|Any CPU
	EndGlobalSection
	GlobalSection(SolutionProperties) = preSolution
		HideSolutionNode = FALSE
	EndGlobalSection
	GlobalSection(ExtensibilityGlobals) = postSolution
		SolutionGuid = {12697BC9-20CB-41E1-AFCE-96CFEDB3ECF1}
	EndGlobalSection
EndGlobal
